{
  "name": "tide",
  "version": "0.1.0",
  "lockfileVersion": 3,
  "requires": true,
  "packages": {
    "": {
      "name": "tide",
      "version": "0.1.0",
      "dependencies": {
        "@neutralinojs/lib": "^6.2.0"
      }
    },
    "node_modules/@neutralinojs/lib": {
      "version": "6.2.0",
      "resolved": "https://registry.npmjs.org/@neutralinojs/lib/-/lib-6.2.0.tgz",
      "integrity": "sha512-BpnZjaSWKLJMSSLwfrhiBwgEwuSR5fZsroFH0Tfx6aTCx9AXbKkIQ5wj/JKWH7jyRet7K/+KYzbK8C+UKOgecw==",
      "license": "MIT"
    }
  }
}
